# THIS IS AN AUTOGENERATED FILE. DO NOT EDIT THIS FILE DIRECTLY.
# yarn lockfile v1


adm-zip@0.4.9:
  version "0.4.9"
  resolved "https://registry.yarnpkg.com/adm-zip/-/adm-zip-0.4.9.tgz#1a574627d3aa4ea6b8b4948e066cbd6fed4ae2f6"
  integrity sha512-eknaJ3Io/JasGGinVeqY5TsPlQgHbiNlHnK5zdFPRNs9XRggDykKz8zPesneOMEZJxWji7G3CfsUW0Ds9Dw0Bw==
